
Microsoft Visual Studio Solution File, Format Version 12.00
# Visual Studio Version 17
VisualStudioVersion = 17.5.002.0
MinimumVisualStudioVersion = 10.0.40219.1
Project("{9A19103F-16F7-4668-BE54-9A1E7A4F7556}") = "team1FrontEnd.Server", "team1FrontEnd.Server.csproj", "{79B2DBF0-E12E-4DA9-B7AB-8A83AB303FCB}"
EndProject
Global
	GlobalSection(SolutionConfigurationPlatforms) = preSolution
		Debug|Any CPU = Debug|Any CPU
		Release|Any CPU = Release|Any CPU
	EndGlobalSection
	GlobalSection(ProjectConfigurationPlatforms) = postSolution
		{79B2DBF0-E12E-4DA9-B7AB-8A83AB303FCB}.Debug|Any CPU.ActiveCfg = Debug|Any CPU
		{79B2DBF0-E12E-4DA9-B7AB-8A83AB303FCB}.Debug|Any CPU.Build.0 = Debug|Any CPU
		{79B2DBF0-E12E-4DA9-B7AB-8A83AB303FCB}.Release|Any CPU.ActiveCfg = Release|Any CPU
		{79B2DBF0-E12E-4DA9-B7AB-8A83AB303FCB}.Release|Any CPU.Build.0 = Release|Any CPU
	EndGlobalSection
	GlobalSection(SolutionProperties) = preSolution
		HideSolutionNode = FALSE
	EndGlobalSection
	GlobalSection(ExtensibilityGlobals) = postSolution
		SolutionGuid = {C739E737-CF55-4FB6-82E3-1BD10AD89675}
	EndGlobalSection
EndGlobal
